
Microsoft Visual Studio Solution File, Format Version 12.00
# Visual Studio Version 17
VisualStudioVersion = 17.9.34622.214
MinimumVisualStudioVersion = 10.0.40219.1
Project("{2150E333-8FDC-42A3-9474-1A3956D46DE8}") = "NetMauiApp", "NetMauiApp", "{8690E890-DCA8-4EC6-8E8A-7A9E62F14FBF}"
EndProject
Project("{2150E333-8FDC-42A3-9474-1A3956D46DE8}") = "SPAWebApp", "SPAWebApp", "{0BAA9EBE-49E9-4CA5-8E06-A0AE120B65CC}"
EndProject
Project("{2150E333-8FDC-42A3-9474-1A3956D46DE8}") = "WebApp", "WebApp", "{78393900-1215-4FF4-AE53-FAA04463D306}"
EndProject
Project("{2150E333-8FDC-42A3-9474-1A3956D46DE8}") = "Microservices", "Microservices", "{E8FDCFF9-96D3-4E90-A642-B6482EFF4EC0}"
EndProject
Project("{2150E333-8FDC-42A3-9474-1A3956D46DE8}") = "Identity", "Identity", "{F39BAE7E-DF6C-4118-BF1B-093B53801EE3}"
EndProject
Project("{2150E333-8FDC-42A3-9474-1A3956D46DE8}") = "Assinaturas", "Assinaturas", "{9D589D9D-187A-4F0F-8357-57938C5A5F99}"
EndProject
Project("{2150E333-8FDC-42A3-9474-1A3956D46DE8}") = "Bancos", "Bancos", "{AA26ACFD-EB4E-4999-B411-C32E81E5381E}"
EndProject
Project("{2150E333-8FDC-42A3-9474-1A3956D46DE8}") = "ContasFinanceiras", "ContasFinanceiras", "{3ED9FE34-419A-43FF-9A69-C257BA0447F3}"
EndProject
Project("{2150E333-8FDC-42A3-9474-1A3956D46DE8}") = "SacadoCedente", "SacadoCedente", "{5EBB58BB-3079-4139-BD26-8FF76C4B8BD6}"
EndProject
Project("{2150E333-8FDC-42A3-9474-1A3956D46DE8}") = "Lancamentos", "Lancamentos", "{F7B4F1AE-527E-4A67-891A-ABBA9564F2FD}"
EndProject
Project("{2150E333-8FDC-42A3-9474-1A3956D46DE8}") = "Relatorios", "Relatorios", "{127A5EB1-7768-410D-A214-F6B5885CD582}"
EndProject
Global
	GlobalSection(SolutionProperties) = preSolution
		HideSolutionNode = FALSE
	EndGlobalSection
	GlobalSection(NestedProjects) = preSolution
		{F39BAE7E-DF6C-4118-BF1B-093B53801EE3} = {E8FDCFF9-96D3-4E90-A642-B6482EFF4EC0}
		{9D589D9D-187A-4F0F-8357-57938C5A5F99} = {E8FDCFF9-96D3-4E90-A642-B6482EFF4EC0}
		{AA26ACFD-EB4E-4999-B411-C32E81E5381E} = {E8FDCFF9-96D3-4E90-A642-B6482EFF4EC0}
		{3ED9FE34-419A-43FF-9A69-C257BA0447F3} = {E8FDCFF9-96D3-4E90-A642-B6482EFF4EC0}
		{5EBB58BB-3079-4139-BD26-8FF76C4B8BD6} = {E8FDCFF9-96D3-4E90-A642-B6482EFF4EC0}
		{F7B4F1AE-527E-4A67-891A-ABBA9564F2FD} = {E8FDCFF9-96D3-4E90-A642-B6482EFF4EC0}
		{127A5EB1-7768-410D-A214-F6B5885CD582} = {E8FDCFF9-96D3-4E90-A642-B6482EFF4EC0}
	EndGlobalSection
	GlobalSection(ExtensibilityGlobals) = postSolution
		SolutionGuid = {1694DC3D-E344-413A-89B2-0B423700C1AE}
	EndGlobalSection
EndGlobal
