
Microsoft Visual Studio Solution File, Format Version 12.00
# Visual Studio Version 17
VisualStudioVersion = 17.9.34622.214
MinimumVisualStudioVersion = 10.0.40219.1
Project("{9A19103F-16F7-4668-BE54-9A1E7A4F7556}") = "BancosAPI", "Microservices\BancosAPI\BancosAPI.csproj", "{56AAE1CE-9A28-4329-943A-48D8FC9BB179}"
EndProject
Project("{2150E333-8FDC-42A3-9474-1A3956D46DE8}") = "Microservices", "Microservices", "{3B4513B8-C7EC-4EA8-A7F0-06644F97464B}"
EndProject
Project("{2150E333-8FDC-42A3-9474-1A3956D46DE8}") = "BancosAPI", "BancosAPI", "{83C7D278-8613-4F63-A7FB-D832002E88B1}"
EndProject
Project("{2150E333-8FDC-42A3-9474-1A3956D46DE8}") = "IndentityAPI", "IndentityAPI", "{F2AEC45F-9021-495E-BB1E-5B2BF96A2B07}"
EndProject
Project("{9A19103F-16F7-4668-BE54-9A1E7A4F7556}") = "IdentityAPI", "Microservices\IdentityAPI\IdentityAPI.csproj", "{3B721BA7-D12B-4A3D-869A-420B8E369F17}"
EndProject
Project("{2150E333-8FDC-42A3-9474-1A3956D46DE8}") = "AssinaturasAPI", "AssinaturasAPI", "{62626022-4CED-45B9-83E1-839F24390F75}"
EndProject
Project("{9A19103F-16F7-4668-BE54-9A1E7A4F7556}") = "AssinaturasAPI", "Microservices\AssinaturasAPI\AssinaturasAPI.csproj", "{334695D3-B784-414B-B2D2-15FD4E57E2BD}"
EndProject
Project("{2150E333-8FDC-42A3-9474-1A3956D46DE8}") = "ContasFinanceiras", "ContasFinanceiras", "{274B42F8-0202-4DCF-AA5F-32C7ACB63290}"
EndProject
Project("{9A19103F-16F7-4668-BE54-9A1E7A4F7556}") = "ContasFinanceirasAPI", "Microservices\ContasFinanceirasAPI\ContasFinanceirasAPI.csproj", "{C3181E1B-1FB0-4B6D-B582-6F6DC070F700}"
EndProject
Project("{2150E333-8FDC-42A3-9474-1A3956D46DE8}") = "SacadoCedente", "SacadoCedente", "{92F8A64C-657E-4462-BEB1-66793270AC48}"
EndProject
Project("{9A19103F-16F7-4668-BE54-9A1E7A4F7556}") = "SacadoCedenteAPI", "Microservices\SacadoCedenteAPI\SacadoCedenteAPI.csproj", "{B73AB20A-CE53-4C8A-BF8E-C124E181CD75}"
EndProject
Global
	GlobalSection(SolutionConfigurationPlatforms) = preSolution
		Debug|Any CPU = Debug|Any CPU
		Release|Any CPU = Release|Any CPU
	EndGlobalSection
	GlobalSection(ProjectConfigurationPlatforms) = postSolution
		{56AAE1CE-9A28-4329-943A-48D8FC9BB179}.Debug|Any CPU.ActiveCfg = Debug|Any CPU
		{56AAE1CE-9A28-4329-943A-48D8FC9BB179}.Debug|Any CPU.Build.0 = Debug|Any CPU
		{56AAE1CE-9A28-4329-943A-48D8FC9BB179}.Release|Any CPU.ActiveCfg = Release|Any CPU
		{56AAE1CE-9A28-4329-943A-48D8FC9BB179}.Release|Any CPU.Build.0 = Release|Any CPU
		{3B721BA7-D12B-4A3D-869A-420B8E369F17}.Debug|Any CPU.ActiveCfg = Debug|Any CPU
		{3B721BA7-D12B-4A3D-869A-420B8E369F17}.Debug|Any CPU.Build.0 = Debug|Any CPU
		{3B721BA7-D12B-4A3D-869A-420B8E369F17}.Release|Any CPU.ActiveCfg = Release|Any CPU
		{3B721BA7-D12B-4A3D-869A-420B8E369F17}.Release|Any CPU.Build.0 = Release|Any CPU
		{334695D3-B784-414B-B2D2-15FD4E57E2BD}.Debug|Any CPU.ActiveCfg = Debug|Any CPU
		{334695D3-B784-414B-B2D2-15FD4E57E2BD}.Debug|Any CPU.Build.0 = Debug|Any CPU
		{334695D3-B784-414B-B2D2-15FD4E57E2BD}.Release|Any CPU.ActiveCfg = Release|Any CPU
		{334695D3-B784-414B-B2D2-15FD4E57E2BD}.Release|Any CPU.Build.0 = Release|Any CPU
		{C3181E1B-1FB0-4B6D-B582-6F6DC070F700}.Debug|Any CPU.ActiveCfg = Debug|Any CPU
		{C3181E1B-1FB0-4B6D-B582-6F6DC070F700}.Debug|Any CPU.Build.0 = Debug|Any CPU
		{C3181E1B-1FB0-4B6D-B582-6F6DC070F700}.Release|Any CPU.ActiveCfg = Release|Any CPU
		{C3181E1B-1FB0-4B6D-B582-6F6DC070F700}.Release|Any CPU.Build.0 = Release|Any CPU
		{B73AB20A-CE53-4C8A-BF8E-C124E181CD75}.Debug|Any CPU.ActiveCfg = Debug|Any CPU
		{B73AB20A-CE53-4C8A-BF8E-C124E181CD75}.Debug|Any CPU.Build.0 = Debug|Any CPU
		{B73AB20A-CE53-4C8A-BF8E-C124E181CD75}.Release|Any CPU.ActiveCfg = Release|Any CPU
		{B73AB20A-CE53-4C8A-BF8E-C124E181CD75}.Release|Any CPU.Build.0 = Release|Any CPU
	EndGlobalSection
	GlobalSection(SolutionProperties) = preSolution
		HideSolutionNode = FALSE
	EndGlobalSection
	GlobalSection(NestedProjects) = preSolution
		{56AAE1CE-9A28-4329-943A-48D8FC9BB179} = {83C7D278-8613-4F63-A7FB-D832002E88B1}
		{83C7D278-8613-4F63-A7FB-D832002E88B1} = {3B4513B8-C7EC-4EA8-A7F0-06644F97464B}
		{F2AEC45F-9021-495E-BB1E-5B2BF96A2B07} = {3B4513B8-C7EC-4EA8-A7F0-06644F97464B}
		{3B721BA7-D12B-4A3D-869A-420B8E369F17} = {F2AEC45F-9021-495E-BB1E-5B2BF96A2B07}
		{62626022-4CED-45B9-83E1-839F24390F75} = {3B4513B8-C7EC-4EA8-A7F0-06644F97464B}
		{334695D3-B784-414B-B2D2-15FD4E57E2BD} = {62626022-4CED-45B9-83E1-839F24390F75}
		{274B42F8-0202-4DCF-AA5F-32C7ACB63290} = {3B4513B8-C7EC-4EA8-A7F0-06644F97464B}
		{C3181E1B-1FB0-4B6D-B582-6F6DC070F700} = {274B42F8-0202-4DCF-AA5F-32C7ACB63290}
		{92F8A64C-657E-4462-BEB1-66793270AC48} = {3B4513B8-C7EC-4EA8-A7F0-06644F97464B}
		{B73AB20A-CE53-4C8A-BF8E-C124E181CD75} = {92F8A64C-657E-4462-BEB1-66793270AC48}
	EndGlobalSection
	GlobalSection(ExtensibilityGlobals) = postSolution
		SolutionGuid = {1694DC3D-E344-413A-89B2-0B423700C1AE}
	EndGlobalSection
EndGlobal
